// !$*UTF8*$!
{
	archiveVersion = 1;
	classes = {
	};
	objectVersion = 46;
	objects = {

/* Begin PBXBuildFile section */
		41285D4A19F8488D000F4223 /* main.m in Sources */ = {isa = PBXBuildFile; fileRef = 41285D4919F8488D000F4223 /* main.m */; };
		41285D4D19F8488D000F4223 /* AppDelegate.m in Sources */ = {isa = PBXBuildFile; fileRef = 41285D4C19F8488D000F4223 /* AppDelegate.m */; };
		41285D5019F8488D000F4223 /* BrowserViewController.m in Sources */ = {isa = PBXBuildFile; fileRef = 41285D4F19F8488D000F4223 /* BrowserViewController.m */; };
		41285D5319F8488D000F4223 /* Main.storyboard in Resources */ = {isa = PBXBuildFile; fileRef = 41285D5119F8488D000F4223 /* Main.storyboard */; };
		41285D5519F8488D000F4223 /* Images.xcassets in Resources */ = {isa = PBXBuildFile; fileRef = 41285D5419F8488D000F4223 /* Images.xcassets */; };
		41285D5819F8488D000F4223 /* LaunchScreen.xib in Resources */ = {isa = PBXBuildFile; fileRef = 41285D5619F8488D000F4223 /* LaunchScreen.xib */; };
		41285D6419F8488D000F4223 /* _109ProjectTests.m in Sources */ = {isa = PBXBuildFile; fileRef = 41285D6319F8488D000F4223 /* _109ProjectTests.m */; };
		41285D7119F84942000F4223 /* MCManager.m in Sources */ = {isa = PBXBuildFile; fileRef = 41285D7019F84942000F4223 /* MCManager.m */; };
		412F67461A1A7FDD00CE6158 /* ChatViewController.m in Sources */ = {isa = PBXBuildFile; fileRef = 412F67451A1A7FDD00CE6158 /* ChatViewController.m */; };
		412F674B1A1C269D00CE6158 /* SecurityEventHandler.m in Sources */ = {isa = PBXBuildFile; fileRef = 412F674A1A1C269D00CE6158 /* SecurityEventHandler.m */; };
		419A66BA1A0A82A900E33B94 /* Event.m in Sources */ = {isa = PBXBuildFile; fileRef = 419A66B21A0A82A900E33B94 /* Event.m */; };
		419A66BB1A0A82A900E33B94 /* ServerReactor.m in Sources */ = {isa = PBXBuildFile; fileRef = 419A66B61A0A82A900E33B94 /* ServerReactor.m */; };
		419A66BC1A0A82A900E33B94 /* serverReactor.plist in Resources */ = {isa = PBXBuildFile; fileRef = 419A66B71A0A82A900E33B94 /* serverReactor.plist */; };
		419A66BD1A0A82A900E33B94 /* ServerTextHandler.m in Sources */ = {isa = PBXBuildFile; fileRef = 419A66B91A0A82A900E33B94 /* ServerTextHandler.m */; };
		419A66C01A0A84B000E33B94 /* Message.m in Sources */ = {isa = PBXBuildFile; fileRef = 419A66BF1A0A84B000E33B94 /* Message.m */; };
		419A66C41A0AA51800E33B94 /* SecurityManager.m in Sources */ = {isa = PBXBuildFile; fileRef = 419A66C31A0AA51800E33B94 /* SecurityManager.m */; };
		41B7ED071A339EBF00685827 /* PeerListHandler.m in Sources */ = {isa = PBXBuildFile; fileRef = 41B7ED061A339EBF00685827 /* PeerListHandler.m */; };
/* End PBXBuildFile section */

/* Begin PBXContainerItemProxy section */
		41285D5E19F8488D000F4223 /* PBXContainerItemProxy */ = {
			isa = PBXContainerItemProxy;
			containerPortal = 41285D3C19F8488C000F4223 /* Project object */;
			proxyType = 1;
			remoteGlobalIDString = 41285D4319F8488C000F4223;
			remoteInfo = 4109Project;
		};
/* End PBXContainerItemProxy section */

/* Begin PBXFileReference section */
		41285D4419F8488C000F4223 /* 4109Project.app */ = {isa = PBXFileReference; explicitFileType = wrapper.application; includeInIndex = 0; path = 4109Project.app; sourceTree = BUILT_PRODUCTS_DIR; };
		41285D4819F8488D000F4223 /* Info.plist */ = {isa = PBXFileReference; lastKnownFileType = text.plist.xml; path = Info.plist; sourceTree = "<group>"; };
		41285D4919F8488D000F4223 /* main.m */ = {isa = PBXFileReference; lastKnownFileType = sourcecode.c.objc; path = main.m; sourceTree = "<group>"; };
		41285D4B19F8488D000F4223 /* AppDelegate.h */ = {isa = PBXFileReference; lastKnownFileType = sourcecode.c.h; path = AppDelegate.h; sourceTree = "<group>"; };
		41285D4C19F8488D000F4223 /* AppDelegate.m */ = {isa = PBXFileReference; lastKnownFileType = sourcecode.c.objc; path = AppDelegate.m; sourceTree = "<group>"; };
		41285D4E19F8488D000F4223 /* BrowserViewController.h */ = {isa = PBXFileReference; lastKnownFileType = sourcecode.c.h; path = BrowserViewController.h; sourceTree = "<group>"; };
		41285D4F19F8488D000F4223 /* BrowserViewController.m */ = {isa = PBXFileReference; lastKnownFileType = sourcecode.c.objc; path = BrowserViewController.m; sourceTree = "<group>"; };
		41285D5219F8488D000F4223 /* Base */ = {isa = PBXFileReference; lastKnownFileType = file.storyboard; name = Base; path = Base.lproj/Main.storyboard; sourceTree = "<group>"; };
		41285D5419F8488D000F4223 /* Images.xcassets */ = {isa = PBXFileReference; lastKnownFileType = folder.assetcatalog; path = Images.xcassets; sourceTree = "<group>"; };
		41285D5719F8488D000F4223 /* Base */ = {isa = PBXFileReference; lastKnownFileType = file.xib; name = Base; path = Base.lproj/LaunchScreen.xib; sourceTree = "<group>"; };
		41285D5D19F8488D000F4223 /* 4109ProjectTests.xctest */ = {isa = PBXFileReference; explicitFileType = wrapper.cfbundle; includeInIndex = 0; path = 4109ProjectTests.xctest; sourceTree = BUILT_PRODUCTS_DIR; };
		41285D6219F8488D000F4223 /* Info.plist */ = {isa = PBXFileReference; lastKnownFileType = text.plist.xml; path = Info.plist; sourceTree = "<group>"; };
		41285D6319F8488D000F4223 /* _109ProjectTests.m */ = {isa = PBXFileReference; lastKnownFileType = sourcecode.c.objc; path = _109ProjectTests.m; sourceTree = "<group>"; };
		41285D6F19F84942000F4223 /* MCManager.h */ = {isa = PBXFileReference; fileEncoding = 4; lastKnownFileType = sourcecode.c.h; path = MCManager.h; sourceTree = "<group>"; };
		41285D7019F84942000F4223 /* MCManager.m */ = {isa = PBXFileReference; fileEncoding = 4; lastKnownFileType = sourcecode.c.objc; path = MCManager.m; sourceTree = "<group>"; };
		412F67441A1A7FDD00CE6158 /* ChatViewController.h */ = {isa = PBXFileReference; fileEncoding = 4; lastKnownFileType = sourcecode.c.h; path = ChatViewController.h; sourceTree = "<group>"; };
		412F67451A1A7FDD00CE6158 /* ChatViewController.m */ = {isa = PBXFileReference; fileEncoding = 4; lastKnownFileType = sourcecode.c.objc; path = ChatViewController.m; sourceTree = "<group>"; };
		412F67491A1C269D00CE6158 /* SecurityEventHandler.h */ = {isa = PBXFileReference; fileEncoding = 4; lastKnownFileType = sourcecode.c.h; path = SecurityEventHandler.h; sourceTree = "<group>"; };
		412F674A1A1C269D00CE6158 /* SecurityEventHandler.m */ = {isa = PBXFileReference; fileEncoding = 4; lastKnownFileType = sourcecode.c.objc; path = SecurityEventHandler.m; sourceTree = "<group>"; };
		419A66B11A0A82A900E33B94 /* Event.h */ = {isa = PBXFileReference; fileEncoding = 4; lastKnownFileType = sourcecode.c.h; path = Event.h; sourceTree = "<group>"; };
		419A66B21A0A82A900E33B94 /* Event.m */ = {isa = PBXFileReference; fileEncoding = 4; lastKnownFileType = sourcecode.c.objc; path = Event.m; sourceTree = "<group>"; };
		419A66B31A0A82A900E33B94 /* EventHandlerProtocol.h */ = {isa = PBXFileReference; fileEncoding = 4; lastKnownFileType = sourcecode.c.h; path = EventHandlerProtocol.h; sourceTree = "<group>"; };
		419A66B41A0A82A900E33B94 /* ReactorProtocol.h */ = {isa = PBXFileReference; fileEncoding = 4; lastKnownFileType = sourcecode.c.h; path = ReactorProtocol.h; sourceTree = "<group>"; };
		419A66B51A0A82A900E33B94 /* ServerReactor.h */ = {isa = PBXFileReference; fileEncoding = 4; lastKnownFileType = sourcecode.c.h; path = ServerReactor.h; sourceTree = "<group>"; };
		419A66B61A0A82A900E33B94 /* ServerReactor.m */ = {isa = PBXFileReference; fileEncoding = 4; lastKnownFileType = sourcecode.c.objc; path = ServerReactor.m; sourceTree = "<group>"; };
		419A66B71A0A82A900E33B94 /* serverReactor.plist */ = {isa = PBXFileReference; fileEncoding = 4; lastKnownFileType = text.plist.xml; path = serverReactor.plist; sourceTree = "<group>"; };
		419A66B81A0A82A900E33B94 /* ServerTextHandler.h */ = {isa = PBXFileReference; fileEncoding = 4; lastKnownFileType = sourcecode.c.h; path = ServerTextHandler.h; sourceTree = "<group>"; };
		419A66B91A0A82A900E33B94 /* ServerTextHandler.m */ = {isa = PBXFileReference; fileEncoding = 4; lastKnownFileType = sourcecode.c.objc; path = ServerTextHandler.m; sourceTree = "<group>"; };
		419A66BE1A0A84B000E33B94 /* Message.h */ = {isa = PBXFileReference; fileEncoding = 4; lastKnownFileType = sourcecode.c.h; path = Message.h; sourceTree = "<group>"; };
		419A66BF1A0A84B000E33B94 /* Message.m */ = {isa = PBXFileReference; fileEncoding = 4; lastKnownFileType = sourcecode.c.objc; path = Message.m; sourceTree = "<group>"; };
		419A66C21A0AA51800E33B94 /* SecurityManager.h */ = {isa = PBXFileReference; fileEncoding = 4; lastKnownFileType = sourcecode.c.h; path = SecurityManager.h; sourceTree = "<group>"; };
		419A66C31A0AA51800E33B94 /* SecurityManager.m */ = {isa = PBXFileReference; fileEncoding = 4; lastKnownFileType = sourcecode.c.objc; path = SecurityManager.m; sourceTree = "<group>"; };
		41B7ED051A339EBF00685827 /* PeerListHandler.h */ = {isa = PBXFileReference; fileEncoding = 4; lastKnownFileType = sourcecode.c.h; path = PeerListHandler.h; sourceTree = "<group>"; };
		41B7ED061A339EBF00685827 /* PeerListHandler.m */ = {isa = PBXFileReference; fileEncoding = 4; lastKnownFileType = sourcecode.c.objc; path = PeerListHandler.m; sourceTree = "<group>"; };
/* End PBXFileReference section */

/* Begin PBXFrameworksBuildPhase section */
		41285D4119F8488C000F4223 /* Frameworks */ = {
			isa = PBXFrameworksBuildPhase;
			buildActionMask = 2147483647;
			files = (
			);
			runOnlyForDeploymentPostprocessing = 0;
		};
		41285D5A19F8488D000F4223 /* Frameworks */ = {
			isa = PBXFrameworksBuildPhase;
			buildActionMask = 2147483647;
			files = (
			);
			runOnlyForDeploymentPostprocessing = 0;
		};
/* End PBXFrameworksBuildPhase section */

/* Begin PBXGroup section */
		41285D3B19F8488C000F4223 = {
			isa = PBXGroup;
			children = (
				41285D4619F8488C000F4223 /* 4109Project */,
				41285D6019F8488D000F4223 /* 4109ProjectTests */,
				41285D4519F8488C000F4223 /* Products */,
			);
			sourceTree = "<group>";
		};
		41285D4519F8488C000F4223 /* Products */ = {
			isa = PBXGroup;
			children = (
				41285D4419F8488C000F4223 /* 4109Project.app */,
				41285D5D19F8488D000F4223 /* 4109ProjectTests.xctest */,
			);
			name = Products;
			sourceTree = "<group>";
		};
		41285D4619F8488C000F4223 /* 4109Project */ = {
			isa = PBXGroup;
			children = (
				41285D4B19F8488D000F4223 /* AppDelegate.h */,
				41285D4C19F8488D000F4223 /* AppDelegate.m */,
				419A66AE1A0A815B00E33B94 /* Network */,
				419A66C11A0AA4B500E33B94 /* Security */,
				419A66B01A0A817800E33B94 /* Views */,
				41285D5419F8488D000F4223 /* Images.xcassets */,
				41285D4719F8488D000F4223 /* Supporting Files */,
			);
			path = 4109Project;
			sourceTree = "<group>";
		};
		41285D4719F8488D000F4223 /* Supporting Files */ = {
			isa = PBXGroup;
			children = (
				41285D4819F8488D000F4223 /* Info.plist */,
				41285D4919F8488D000F4223 /* main.m */,
			);
			name = "Supporting Files";
			sourceTree = "<group>";
		};
		41285D6019F8488D000F4223 /* 4109ProjectTests */ = {
			isa = PBXGroup;
			children = (
				41285D6319F8488D000F4223 /* _109ProjectTests.m */,
				41285D6119F8488D000F4223 /* Supporting Files */,
			);
			path = 4109ProjectTests;
			sourceTree = "<group>";
		};
		41285D6119F8488D000F4223 /* Supporting Files */ = {
			isa = PBXGroup;
			children = (
				41285D6219F8488D000F4223 /* Info.plist */,
			);
			name = "Supporting Files";
			sourceTree = "<group>";
		};
		412F67481A1C267500CE6158 /* EventHandlers */ = {
			isa = PBXGroup;
			children = (
				419A66B81A0A82A900E33B94 /* ServerTextHandler.h */,
				419A66B91A0A82A900E33B94 /* ServerTextHandler.m */,
				412F67491A1C269D00CE6158 /* SecurityEventHandler.h */,
				412F674A1A1C269D00CE6158 /* SecurityEventHandler.m */,
				41B7ED051A339EBF00685827 /* PeerListHandler.h */,
				41B7ED061A339EBF00685827 /* PeerListHandler.m */,
			);
			name = EventHandlers;
			sourceTree = "<group>";
		};
		419A66AE1A0A815B00E33B94 /* Network */ = {
			isa = PBXGroup;
			children = (
				412F67481A1C267500CE6158 /* EventHandlers */,
				419A66BE1A0A84B000E33B94 /* Message.h */,
				419A66BF1A0A84B000E33B94 /* Message.m */,
				419A66B11A0A82A900E33B94 /* Event.h */,
				419A66B21A0A82A900E33B94 /* Event.m */,
				419A66B31A0A82A900E33B94 /* EventHandlerProtocol.h */,
				419A66B41A0A82A900E33B94 /* ReactorProtocol.h */,
				419A66B51A0A82A900E33B94 /* ServerReactor.h */,
				419A66B61A0A82A900E33B94 /* ServerReactor.m */,
				419A66B71A0A82A900E33B94 /* serverReactor.plist */,
				41285D6F19F84942000F4223 /* MCManager.h */,
				41285D7019F84942000F4223 /* MCManager.m */,
			);
			name = Network;
			sourceTree = "<group>";
		};
		419A66B01A0A817800E33B94 /* Views */ = {
			isa = PBXGroup;
			children = (
				41285D5119F8488D000F4223 /* Main.storyboard */,
				41285D5619F8488D000F4223 /* LaunchScreen.xib */,
				41285D4E19F8488D000F4223 /* BrowserViewController.h */,
				41285D4F19F8488D000F4223 /* BrowserViewController.m */,
				412F67441A1A7FDD00CE6158 /* ChatViewController.h */,
				412F67451A1A7FDD00CE6158 /* ChatViewController.m */,
			);
			name = Views;
			sourceTree = "<group>";
		};
		419A66C11A0AA4B500E33B94 /* Security */ = {
			isa = PBXGroup;
			children = (
				419A66C21A0AA51800E33B94 /* SecurityManager.h */,
				419A66C31A0AA51800E33B94 /* SecurityManager.m */,
			);
			name = Security;
			sourceTree = "<group>";
		};
/* End PBXGroup section */

/* Begin PBXNativeTarget section */
		41285D4319F8488C000F4223 /* 4109Project */ = {
			isa = PBXNativeTarget;
			buildConfigurationList = 41285D6719F8488D000F4223 /* Build configuration list for PBXNativeTarget "4109Project" */;
			buildPhases = (
				41285D4019F8488C000F4223 /* Sources */,
				41285D4119F8488C000F4223 /* Frameworks */,
				41285D4219F8488C000F4223 /* Resources */,
			);
			buildRules = (
			);
			dependencies = (
			);
			name = 4109Project;
			productName = 4109Project;
			productReference = 41285D4419F8488C000F4223 /* 4109Project.app */;
			productType = "com.apple.product-type.application";
		};
		41285D5C19F8488D000F4223 /* 4109ProjectTests */ = {
			isa = PBXNativeTarget;
			buildConfigurationList = 41285D6A19F8488D000F4223 /* Build configuration list for PBXNativeTarget "4109ProjectTests" */;
			buildPhases = (
				41285D5919F8488D000F4223 /* Sources */,
				41285D5A19F8488D000F4223 /* Frameworks */,
				41285D5B19F8488D000F4223 /* Resources */,
			);
			buildRules = (
			);
			dependencies = (
				41285D5F19F8488D000F4223 /* PBXTargetDependency */,
			);
			name = 4109ProjectTests;
			productName = 4109ProjectTests;
			productReference = 41285D5D19F8488D000F4223 /* 4109ProjectTests.xctest */;
			productType = "com.apple.product-type.bundle.unit-test";
		};
/* End PBXNativeTarget section */

/* Begin PBXProject section */
		41285D3C19F8488C000F4223 /* Project object */ = {
			isa = PBXProject;
			attributes = {
				LastUpgradeCheck = 0610;
				ORGANIZATIONNAME = "John Marsh";
				TargetAttributes = {
					41285D4319F8488C000F4223 = {
						CreatedOnToolsVersion = 6.1;
						DevelopmentTeam = SYB85L3A7X;
					};
					41285D5C19F8488D000F4223 = {
						CreatedOnToolsVersion = 6.1;
						TestTargetID = 41285D4319F8488C000F4223;
					};
				};
			};
			buildConfigurationList = 41285D3F19F8488C000F4223 /* Build configuration list for PBXProject "4109Project" */;
			compatibilityVersion = "Xcode 3.2";
			developmentRegion = English;
			hasScannedForEncodings = 0;
			knownRegions = (
				en,
				Base,
			);
			mainGroup = 41285D3B19F8488C000F4223;
			productRefGroup = 41285D4519F8488C000F4223 /* Products */;
			projectDirPath = "";
			projectRoot = "";
			targets = (
				41285D4319F8488C000F4223 /* 4109Project */,
				41285D5C19F8488D000F4223 /* 4109ProjectTests */,
			);
		};
/* End PBXProject section */

/* Begin PBXResourcesBuildPhase section */
		41285D4219F8488C000F4223 /* Resources */ = {
			isa = PBXResourcesBuildPhase;
			buildActionMask = 2147483647;
			files = (
				419A66BC1A0A82A900E33B94 /* serverReactor.plist in Resources */,
				41285D5319F8488D000F4223 /* Main.storyboard in Resources */,
				41285D5819F8488D000F4223 /* LaunchScreen.xib in Resources */,
				41285D5519F8488D000F4223 /* Images.xcassets in Resources */,
			);
			runOnlyForDeploymentPostprocessing = 0;
		};
		41285D5B19F8488D000F4223 /* Resources */ = {
			isa = PBXResourcesBuildPhase;
			buildActionMask = 2147483647;
			files = (
			);
			runOnlyForDeploymentPostprocessing = 0;
		};
/* End PBXResourcesBuildPhase section */

/* Begin PBXSourcesBuildPhase section */
		41285D4019F8488C000F4223 /* Sources */ = {
			isa = PBXSourcesBuildPhase;
			buildActionMask = 2147483647;
			files = (
				412F674B1A1C269D00CE6158 /* SecurityEventHandler.m in Sources */,
				41285D5019F8488D000F4223 /* BrowserViewController.m in Sources */,
				419A66C01A0A84B000E33B94 /* Message.m in Sources */,
				412F67461A1A7FDD00CE6158 /* ChatViewController.m in Sources */,
				419A66BB1A0A82A900E33B94 /* ServerReactor.m in Sources */,
				41285D7119F84942000F4223 /* MCManager.m in Sources */,
				41B7ED071A339EBF00685827 /* PeerListHandler.m in Sources */,
				419A66BA1A0A82A900E33B94 /* Event.m in Sources */,
				41285D4D19F8488D000F4223 /* AppDelegate.m in Sources */,
				419A66C41A0AA51800E33B94 /* SecurityManager.m in Sources */,
				419A66BD1A0A82A900E33B94 /* ServerTextHandler.m in Sources */,
				41285D4A19F8488D000F4223 /* main.m in Sources */,
			);
			runOnlyForDeploymentPostprocessing = 0;
		};
		41285D5919F8488D000F4223 /* Sources */ = {
			isa = PBXSourcesBuildPhase;
			buildActionMask = 2147483647;
			files = (
				41285D6419F8488D000F4223 /* _109ProjectTests.m in Sources */,
			);
			runOnlyForDeploymentPostprocessing = 0;
		};
/* End PBXSourcesBuildPhase section */

/* Begin PBXTargetDependency section */
		41285D5F19F8488D000F4223 /* PBXTargetDependency */ = {
			isa = PBXTargetDependency;
			target = 41285D4319F8488C000F4223 /* 4109Project */;
			targetProxy = 41285D5E19F8488D000F4223 /* PBXContainerItemProxy */;
		};
/* End PBXTargetDependency section */

/* Begin PBXVariantGroup section */
		41285D5119F8488D000F4223 /* Main.storyboard */ = {
			isa = PBXVariantGroup;
			children = (
				41285D5219F8488D000F4223 /* Base */,
			);
			name = Main.storyboard;
			sourceTree = "<group>";
		};
		41285D5619F8488D000F4223 /* LaunchScreen.xib */ = {
			isa = PBXVariantGroup;
			children = (
				41285D5719F8488D000F4223 /* Base */,
			);
			name = LaunchScreen.xib;
			sourceTree = "<group>";
		};
/* End PBXVariantGroup section */

/* Begin XCBuildConfiguration section */
		41285D6519F8488D000F4223 /* Debug */ = {
			isa = XCBuildConfiguration;
			buildSettings = {
				ALWAYS_SEARCH_USER_PATHS = NO;
				CLANG_CXX_LANGUAGE_STANDARD = "gnu++0x";
				CLANG_CXX_LIBRARY = "libc++";
				CLANG_ENABLE_MODULES = YES;
				CLANG_ENABLE_OBJC_ARC = YES;
				CLANG_WARN_BOOL_CONVERSION = YES;
				CLANG_WARN_CONSTANT_CONVERSION = YES;
				CLANG_WARN_DIRECT_OBJC_ISA_USAGE = YES_ERROR;
				CLANG_WARN_EMPTY_BODY = YES;
				CLANG_WARN_ENUM_CONVERSION = YES;
				CLANG_WARN_INT_CONVERSION = YES;
				CLANG_WARN_OBJC_ROOT_CLASS = YES_ERROR;
				CLANG_WARN_UNREACHABLE_CODE = YES;
				CLANG_WARN__DUPLICATE_METHOD_MATCH = YES;
				"CODE_SIGN_IDENTITY[sdk=iphoneos*]" = "iPhone Developer";
				COPY_PHASE_STRIP = NO;
				ENABLE_STRICT_OBJC_MSGSEND = YES;
				GCC_C_LANGUAGE_STANDARD = gnu99;
				GCC_DYNAMIC_NO_PIC = NO;
				GCC_OPTIMIZATION_LEVEL = 0;
				GCC_PREPROCESSOR_DEFINITIONS = (
					"DEBUG=1",
					"$(inherited)",
				);
				GCC_SYMBOLS_PRIVATE_EXTERN = NO;
				GCC_WARN_64_TO_32_BIT_CONVERSION = YES;
				GCC_WARN_ABOUT_RETURN_TYPE = YES_ERROR;
				GCC_WARN_UNDECLARED_SELECTOR = YES;
				GCC_WARN_UNINITIALIZED_AUTOS = YES_AGGRESSIVE;
				GCC_WARN_UNUSED_FUNCTION = YES;
				GCC_WARN_UNUSED_VARIABLE = YES;
				IPHONEOS_DEPLOYMENT_TARGET = 8.1;
				MTL_ENABLE_DEBUG_INFO = YES;
				ONLY_ACTIVE_ARCH = YES;
				SDKROOT = iphoneos;
			};
			name = Debug;
		};
		41285D6619F8488D000F4223 /* Release */ = {
			isa = XCBuildConfiguration;
			buildSettings = {
				ALWAYS_SEARCH_USER_PATHS = NO;
				CLANG_CXX_LANGUAGE_STANDARD = "gnu++0x";
				CLANG_CXX_LIBRARY = "libc++";
				CLANG_ENABLE_MODULES = YES;
				CLANG_ENABLE_OBJC_ARC = YES;
				CLANG_WARN_BOOL_CONVERSION = YES;
				CLANG_WARN_CONSTANT_CONVERSION = YES;
				CLANG_WARN_DIRECT_OBJC_ISA_USAGE = YES_ERROR;
				CLANG_WARN_EMPTY_BODY = YES;
				CLANG_WARN_ENUM_CONVERSION = YES;
				CLANG_WARN_INT_CONVERSION = YES;
				CLANG_WARN_OBJC_ROOT_CLASS = YES_ERROR;
				CLANG_WARN_UNREACHABLE_CODE = YES;
				CLANG_WARN__DUPLICATE_METHOD_MATCH = YES;
				"CODE_SIGN_IDENTITY[sdk=iphoneos*]" = "iPhone Developer";
				COPY_PHASE_STRIP = YES;
				ENABLE_NS_ASSERTIONS = NO;
				ENABLE_STRICT_OBJC_MSGSEND = YES;
				GCC_C_LANGUAGE_STANDARD = gnu99;
				GCC_WARN_64_TO_32_BIT_CONVERSION = YES;
				GCC_WARN_ABOUT_RETURN_TYPE = YES_ERROR;
				GCC_WARN_UNDECLARED_SELECTOR = YES;
				GCC_WARN_UNINITIALIZED_AUTOS = YES_AGGRESSIVE;
				GCC_WARN_UNUSED_FUNCTION = YES;
				GCC_WARN_UNUSED_VARIABLE = YES;
				IPHONEOS_DEPLOYMENT_TARGET = 8.1;
				MTL_ENABLE_DEBUG_INFO = NO;
				SDKROOT = iphoneos;
				VALIDATE_PRODUCT = YES;
			};
			name = Release;
		};
		41285D6819F8488D000F4223 /* Debug */ = {
			isa = XCBuildConfiguration;
			buildSettings = {
				ASSETCATALOG_COMPILER_APPICON_NAME = AppIcon;
				INFOPLIST_FILE = 4109Project/Info.plist;
				LD_RUNPATH_SEARCH_PATHS = "$(inherited) @executable_path/Frameworks";
				PRODUCT_NAME = "$(TARGET_NAME)";
			};
			name = Debug;
		};
		41285D6919F8488D000F4223 /* Release */ = {
			isa = XCBuildConfiguration;
			buildSettings = {
				ASSETCATALOG_COMPILER_APPICON_NAME = AppIcon;
				INFOPLIST_FILE = 4109Project/Info.plist;
				LD_RUNPATH_SEARCH_PATHS = "$(inherited) @executable_path/Frameworks";
				PRODUCT_NAME = "$(TARGET_NAME)";
			};
			name = Release;
		};
		41285D6B19F8488D000F4223 /* Debug */ = {
			isa = XCBuildConfiguration;
			buildSettings = {
				BUNDLE_LOADER = "$(TEST_HOST)";
				FRAMEWORK_SEARCH_PATHS = (
					"$(SDKROOT)/Developer/Library/Frameworks",
					"$(inherited)",
				);
				GCC_PREPROCESSOR_DEFINITIONS = (
					"DEBUG=1",
					"$(inherited)",
				);
				INFOPLIST_FILE = 4109ProjectTests/Info.plist;
				LD_RUNPATH_SEARCH_PATHS = "$(inherited) @executable_path/Frameworks @loader_path/Frameworks";
				PRODUCT_NAME = "$(TARGET_NAME)";
				TEST_HOST = "$(BUILT_PRODUCTS_DIR)/4109Project.app/4109Project";
			};
			name = Debug;
		};
		41285D6C19F8488D000F4223 /* Release */ = {
			isa = XCBuildConfiguration;
			buildSettings = {
				BUNDLE_LOADER = "$(TEST_HOST)";
				FRAMEWORK_SEARCH_PATHS = (
					"$(SDKROOT)/Developer/Library/Frameworks",
					"$(inherited)",
				);
				INFOPLIST_FILE = 4109ProjectTests/Info.plist;
				LD_RUNPATH_SEARCH_PATHS = "$(inherited) @executable_path/Frameworks @loader_path/Frameworks";
				PRODUCT_NAME = "$(TARGET_NAME)";
				TEST_HOST = "$(BUILT_PRODUCTS_DIR)/4109Project.app/4109Project";
			};
			name = Release;
		};
/* End XCBuildConfiguration section */

/* Begin XCConfigurationList section */
		41285D3F19F8488C000F4223 /* Build configuration list for PBXProject "4109Project" */ = {
			isa = XCConfigurationList;
			buildConfigurations = (
				41285D6519F8488D000F4223 /* Debug */,
				41285D6619F8488D000F4223 /* Release */,
			);
			defaultConfigurationIsVisible = 0;
			defaultConfigurationName = Release;
		};
		41285D6719F8488D000F4223 /* Build configuration list for PBXNativeTarget "4109Project" */ = {
			isa = XCConfigurationList;
			buildConfigurations = (
				41285D6819F8488D000F4223 /* Debug */,
				41285D6919F8488D000F4223 /* Release */,
			);
			defaultConfigurationIsVisible = 0;
			defaultConfigurationName = Release;
		};
		41285D6A19F8488D000F4223 /* Build configuration list for PBXNativeTarget "4109ProjectTests" */ = {
			isa = XCConfigurationList;
			buildConfigurations = (
				41285D6B19F8488D000F4223 /* Debug */,
				41285D6C19F8488D000F4223 /* Release */,
			);
			defaultConfigurationIsVisible = 0;
			defaultConfigurationName = Release;
		};
/* End XCConfigurationList section */
	};
	rootObject = 41285D3C19F8488C000F4223 /* Project object */;
}
